
Microsoft Visual Studio Solution File, Format Version 12.00
# Visual Studio Version 17
VisualStudioVersion = 17.2.32616.157
MinimumVisualStudioVersion = 10.0.40219.1
Project("{FAE04EC0-301F-11D3-BF4B-00C04F79EFBC}") = "ClassesExercise", "ClassesExercise\ClassesExercise.csproj", "{42385751-9B6C-46D0-888E-1D93C158AA8C}"
EndProject
Global
	GlobalSection(SolutionConfigurationPlatforms) = preSolution
		Debug|Any CPU = Debug|Any CPU
		Release|Any CPU = Release|Any CPU
	EndGlobalSection
	GlobalSection(ProjectConfigurationPlatforms) = postSolution
		{42385751-9B6C-46D0-888E-1D93C158AA8C}.Debug|Any CPU.ActiveCfg = Debug|Any CPU
		{42385751-9B6C-46D0-888E-1D93C158AA8C}.Debug|Any CPU.Build.0 = Debug|Any CPU
		{42385751-9B6C-46D0-888E-1D93C158AA8C}.Release|Any CPU.ActiveCfg = Release|Any CPU
		{42385751-9B6C-46D0-888E-1D93C158AA8C}.Release|Any CPU.Build.0 = Release|Any CPU
	EndGlobalSection
	GlobalSection(SolutionProperties) = preSolution
		HideSolutionNode = FALSE
	EndGlobalSection
	GlobalSection(ExtensibilityGlobals) = postSolution
		SolutionGuid = {C1B8F3FA-A9BD-4383-A49D-BAE2B80BE974}
	EndGlobalSection
EndGlobal
